<?xml version="1.0" encoding="utf-8"?>
<Project ToolsVersion="4.0" xmlns="http://schemas.microsoft.com/developer/msbuild/2003">
  <ItemGroup>
    <Filter Include="Sources">
      <UniqueIdentifier>{4FC737F1-C7A5-4376-A066-2A32D752A2FF}</UniqueIdentifier>
      <Extensions>cpp;c;cc;cxx;def;odl;idl;hpj;bat;asm;asmx</Extensions>
    </Filter>
    <Filter Include="Headers">
      <UniqueIdentifier>{93995380-89BD-4b04-88EB-625FBE52EBFB}</UniqueIdentifier>
      <Extensions>h;hh;hpp;hxx;hm;inl;inc;ipp;xsd</Extensions>
    </Filter>
    <Filter Include="Resources">
      <UniqueIdentifier>{67DA6AB6-F800-4c08-8B7A-83BB121AAD01}</UniqueIdentifier>
      <Extensions>rc;ico;cur;bmp;dlg;rc2;rct;bin;rgs;gif;jpg;jpeg;jpe;resx;tiff;tif;png;wav;mfcribbon-ms</Extensions>
    </Filter>
    <Filter Include="ExtraLib">
      <UniqueIdentifier>{4949666f-b2fd-45cb-adc9-71430d400b52}</UniqueIdentifier>
    </Filter>
    <Filter Include="ExtraLib\Headers">
      <UniqueIdentifier>{de705bec-d3f0-43b6-a018-8062ec6add80}</UniqueIdentifier>
    </Filter>
    <Filter Include="ExtraLib\Sources">
      <UniqueIdentifier>{c2e6d51f-f05f-45e0-9c67-ffde7c0ca89a}</UniqueIdentifier>
    </Filter>
  </ItemGroup>
  <ItemGroup>
    <ClInclude Include="Check.h">
      <Filter>Headers</Filter>
    </ClInclude>
    <ClInclude Include="Gurth Editor Launcher.h">
      <Filter>Headers</Filter>
    </ClInclude>
    <ClInclude Include="Gurth Editor LauncherDlg.h">
      <Filter>Headers</Filter>
    </ClInclude>
    <ClInclude Include="RegistKey.h">
      <Filter>Headers</Filter>
    </ClInclude>
    <ClInclude Include="Resource.h">
      <Filter>Headers</Filter>
    </ClInclude>
    <ClInclude Include="stdafx.h">
      <Filter>Headers</Filter>
    </ClInclude>
    <ClInclude Include="targetver.h">
      <Filter>Headers</Filter>
    </ClInclude>
    <ClInclude Include="ExtraLib\cppmd5\md5.h">
      <Filter>ExtraLib\Headers</Filter>
    </ClInclude>
  </ItemGroup>
  <ItemGroup>
    <ClCompile Include="Check.cpp">
      <Filter>Sources</Filter>
    </ClCompile>
    <ClCompile Include="Gurth Editor Launcher.cpp">
      <Filter>Sources</Filter>
    </ClCompile>
    <ClCompile Include="Gurth Editor LauncherDlg.cpp">
      <Filter>Sources</Filter>
    </ClCompile>
    <ClCompile Include="RegistKey.cpp">
      <Filter>Sources</Filter>
    </ClCompile>
    <ClCompile Include="stdafx.cpp">
      <Filter>Sources</Filter>
    </ClCompile>
    <ClCompile Include="ExtraLib\cppmd5\md5.cpp">
      <Filter>ExtraLib\Sources</Filter>
    </ClCompile>
  </ItemGroup>
  <ItemGroup>
    <None Include="res\GurthEditorLauncher.rc2">
      <Filter>Resources</Filter>
    </None>
  </ItemGroup>
  <ItemGroup>
    <ResourceCompile Include="GurthEditorLauncher.rc">
      <Filter>Resources</Filter>
    </ResourceCompile>
  </ItemGroup>
  <ItemGroup>
    <Image Include="res\Gurth Editor Launcher.ico">
      <Filter>Resources</Filter>
    </Image>
  </ItemGroup>
</Project>